
Microsoft Visual Studio Solution File, Format Version 12.00
# Visual Studio Version 17
VisualStudioVersion = 17.5.33516.290
MinimumVisualStudioVersion = 10.0.40219.1
Project("{FAE04EC0-301F-11D3-BF4B-00C04F79EFBC}") = "CampaignTrackly", "CampaignTrackly\CampaignTrackly.csproj", "{9E939B4B-B9A8-498D-BFA9-E9063EFD19F5}"
EndProject
Project("{FAE04EC0-301F-11D3-BF4B-00C04F79EFBC}") = "CampaignTracklyWeb", "CampaignTracklyWeb\CampaignTracklyWeb.csproj", "{047F2534-6B50-45DE-BCA7-69E19FAE200D}"
EndProject
Global
	GlobalSection(SolutionConfigurationPlatforms) = preSolution
		Debug|Any CPU = Debug|Any CPU
		Release|Any CPU = Release|Any CPU
	EndGlobalSection
	GlobalSection(ProjectConfigurationPlatforms) = postSolution
		{9E939B4B-B9A8-498D-BFA9-E9063EFD19F5}.Debug|Any CPU.ActiveCfg = Debug|Any CPU
		{9E939B4B-B9A8-498D-BFA9-E9063EFD19F5}.Debug|Any CPU.Build.0 = Debug|Any CPU
		{9E939B4B-B9A8-498D-BFA9-E9063EFD19F5}.Debug|Any CPU.Deploy.0 = Debug|Any CPU
		{9E939B4B-B9A8-498D-BFA9-E9063EFD19F5}.Release|Any CPU.ActiveCfg = Release|Any CPU
		{9E939B4B-B9A8-498D-BFA9-E9063EFD19F5}.Release|Any CPU.Build.0 = Release|Any CPU
		{9E939B4B-B9A8-498D-BFA9-E9063EFD19F5}.Release|Any CPU.Deploy.0 = Release|Any CPU
		{047F2534-6B50-45DE-BCA7-69E19FAE200D}.Debug|Any CPU.ActiveCfg = Debug|Any CPU
		{047F2534-6B50-45DE-BCA7-69E19FAE200D}.Debug|Any CPU.Build.0 = Debug|Any CPU
		{047F2534-6B50-45DE-BCA7-69E19FAE200D}.Release|Any CPU.ActiveCfg = Release|Any CPU
		{047F2534-6B50-45DE-BCA7-69E19FAE200D}.Release|Any CPU.Build.0 = Release|Any CPU
	EndGlobalSection
	GlobalSection(SolutionProperties) = preSolution
		HideSolutionNode = FALSE
	EndGlobalSection
	GlobalSection(ExtensibilityGlobals) = postSolution
		SolutionGuid = {D6A9AE33-CD49-47FE-98C5-356827B0D8D8}
	EndGlobalSection
EndGlobal
